{
  "name": "wordcloud",
  "lockfileVersion": 2,
  "requires": true,
  "packages": {
    "": {
      "devDependencies": {
        "wordcloud": "^1.2.3"
      }
    },
    "node_modules/wordcloud": {
      "version": "1.2.3",
      "resolved": "https://registry.npmjs.org/wordcloud/-/wordcloud-1.2.3.tgz",
      "integrity": "sha512-9by77b7Sd9e1K75kSmVeAD+JnGpiLR1Z4EX1mYQL91jKrU1/4bHw4h4DExQ+dzfT+PvihDcH7OS7V4Y5UkbF2w==",
      "dev": true
    }
  },
  "dependencies": {
    "wordcloud": {
      "version": "1.2.3",
      "resolved": "https://registry.npmjs.org/wordcloud/-/wordcloud-1.2.3.tgz",
      "integrity": "sha512-9by77b7Sd9e1K75kSmVeAD+JnGpiLR1Z4EX1mYQL91jKrU1/4bHw4h4DExQ+dzfT+PvihDcH7OS7V4Y5UkbF2w==",
      "dev": true
    }
  }
}
